
Microsoft Visual Studio Solution File, Format Version 12.00
# Visual Studio Version 17
VisualStudioVersion = 17.3.32811.315
MinimumVisualStudioVersion = 10.0.40219.1
Project("{FAE04EC0-301F-11D3-BF4B-00C04F79EFBC}") = "EscolaPOO_DIA_23", "EscolaPOO_DIA_23.csproj", "{E9F1E553-CB12-4485-B4B3-90CC196314EC}"
EndProject
Global
	GlobalSection(SolutionConfigurationPlatforms) = preSolution
		Debug|Any CPU = Debug|Any CPU
		Release|Any CPU = Release|Any CPU
	EndGlobalSection
	GlobalSection(ProjectConfigurationPlatforms) = postSolution
		{E9F1E553-CB12-4485-B4B3-90CC196314EC}.Debug|Any CPU.ActiveCfg = Debug|Any CPU
		{E9F1E553-CB12-4485-B4B3-90CC196314EC}.Debug|Any CPU.Build.0 = Debug|Any CPU
		{E9F1E553-CB12-4485-B4B3-90CC196314EC}.Release|Any CPU.ActiveCfg = Release|Any CPU
		{E9F1E553-CB12-4485-B4B3-90CC196314EC}.Release|Any CPU.Build.0 = Release|Any CPU
	EndGlobalSection
	GlobalSection(SolutionProperties) = preSolution
		HideSolutionNode = FALSE
	EndGlobalSection
	GlobalSection(ExtensibilityGlobals) = postSolution
		SolutionGuid = {5D28616F-70D7-4C39-96A1-994D6CA44165}
	EndGlobalSection
EndGlobal
